
Microsoft Visual Studio Solution File, Format Version 12.00
# Visual Studio 15
VisualStudioVersion = 15.0.28307.779
MinimumVisualStudioVersion = 10.0.40219.1
Project("{9A19103F-16F7-4668-BE54-9A1E7A4F7556}") = "ModeleMetier", "ModeleMetier\ModeleMetier.csproj", "{2ABF3636-4E12-4D52-9C68-A52E24A9BB1C}"
EndProject
Project("{FAE04EC0-301F-11D3-BF4B-00C04F79EFBC}") = "ApplicationWPF", "ApplicationWPF\ApplicationWPF.csproj", "{34233F97-AE1A-4440-90C2-9C8E8E8165CA}"
EndProject
Project("{54435603-DBB4-11D2-8724-00A0C9A8B90C}") = "SetupApplicationTechnicien", "SetupApplicationTechnicien\SetupApplicationTechnicien.vdproj", "{C6BD5B7F-0E3D-46F9-9518-CC97CDCD0C59}"
EndProject
Global
	GlobalSection(SolutionConfigurationPlatforms) = preSolution
		Debug|Any CPU = Debug|Any CPU
		Release|Any CPU = Release|Any CPU
	EndGlobalSection
	GlobalSection(ProjectConfigurationPlatforms) = postSolution
		{2ABF3636-4E12-4D52-9C68-A52E24A9BB1C}.Debug|Any CPU.ActiveCfg = Debug|Any CPU
		{2ABF3636-4E12-4D52-9C68-A52E24A9BB1C}.Debug|Any CPU.Build.0 = Debug|Any CPU
		{2ABF3636-4E12-4D52-9C68-A52E24A9BB1C}.Release|Any CPU.ActiveCfg = Release|Any CPU
		{2ABF3636-4E12-4D52-9C68-A52E24A9BB1C}.Release|Any CPU.Build.0 = Release|Any CPU
		{34233F97-AE1A-4440-90C2-9C8E8E8165CA}.Debug|Any CPU.ActiveCfg = Debug|Any CPU
		{34233F97-AE1A-4440-90C2-9C8E8E8165CA}.Debug|Any CPU.Build.0 = Debug|Any CPU
		{34233F97-AE1A-4440-90C2-9C8E8E8165CA}.Release|Any CPU.ActiveCfg = Release|Any CPU
		{34233F97-AE1A-4440-90C2-9C8E8E8165CA}.Release|Any CPU.Build.0 = Release|Any CPU
		{C6BD5B7F-0E3D-46F9-9518-CC97CDCD0C59}.Debug|Any CPU.ActiveCfg = Debug
		{C6BD5B7F-0E3D-46F9-9518-CC97CDCD0C59}.Release|Any CPU.ActiveCfg = Release
	EndGlobalSection
	GlobalSection(SolutionProperties) = preSolution
		HideSolutionNode = FALSE
	EndGlobalSection
	GlobalSection(ExtensibilityGlobals) = postSolution
		SolutionGuid = {85D9AED1-5B79-48A7-90C4-EBEBC9AFA052}
	EndGlobalSection
EndGlobal
